<?xml version="1.0" encoding="utf-8"?>
<Project ToolsVersion="4.0" xmlns="http://schemas.microsoft.com/developer/msbuild/2003">
  <ItemGroup>
    <Filter Include="Source Files">
      <UniqueIdentifier>{4FC737F1-C7A5-4376-A066-2A32D752A2FF}</UniqueIdentifier>
      <Extensions>cpp;c;cc;cxx;c++;cppm;ixx;def;odl;idl;hpj;bat;asm;asmx</Extensions>
    </Filter>
    <Filter Include="Header Files">
      <UniqueIdentifier>{93995380-89BD-4b04-88EB-625FBE52EBFB}</UniqueIdentifier>
      <Extensions>h;hh;hpp;hxx;h++;hm;inl;inc;ipp;xsd</Extensions>
    </Filter>
    <Filter Include="Resource Files">
      <UniqueIdentifier>{67DA6AB6-F800-4c08-8B7A-83BB121AAD01}</UniqueIdentifier>
      <Extensions>rc;ico;cur;bmp;dlg;rc2;rct;bin;rgs;gif;jpg;jpeg;jpe;resx;tiff;tif;png;wav;mfcribbon-ms</Extensions>
    </Filter>
    <Filter Include="Header Files\Engine">
      <UniqueIdentifier>{2e9ad998-2b27-42d1-a8b9-68ac7d17c214}</UniqueIdentifier>
    </Filter>
    <Filter Include="Header Files\FileIO">
      <UniqueIdentifier>{e2c24275-2949-4b69-8f74-2875dd1196bb}</UniqueIdentifier>
    </Filter>
    <Filter Include="Header Files\GameObjects">
      <UniqueIdentifier>{66f16841-9220-4745-a157-b8ea227b1df0}</UniqueIdentifier>
    </Filter>
    <Filter Include="Header Files\Screens">
      <UniqueIdentifier>{d668fb27-fb4e-43dc-bbb9-b275b1c384a9}</UniqueIdentifier>
    </Filter>
    <Filter Include="Header Files\Screens\Select">
      <UniqueIdentifier>{930cdcfe-9efc-47ff-90f1-bf1040737971}</UniqueIdentifier>
    </Filter>
    <Filter Include="Header Files\Screens\Game">
      <UniqueIdentifier>{5fc292ed-e49c-4316-b1c1-87af7ef553ef}</UniqueIdentifier>
    </Filter>
    <Filter Include="Source Files\Engine">
      <UniqueIdentifier>{8a96f550-4c11-4303-8c89-4067fbc6e094}</UniqueIdentifier>
    </Filter>
    <Filter Include="Source Files\FileIO">
      <UniqueIdentifier>{44264f18-b0cb-452a-a39b-fafb1cb8cf7c}</UniqueIdentifier>
    </Filter>
    <Filter Include="Source Files\GameObjects">
      <UniqueIdentifier>{3b4abab9-7803-4a0f-9bc7-e755b4cab451}</UniqueIdentifier>
    </Filter>
    <Filter Include="Source Files\Screens">
      <UniqueIdentifier>{f7d4874e-e304-4b52-9cdf-7c9471828678}</UniqueIdentifier>
    </Filter>
    <Filter Include="Source Files\Screens\Select">
      <UniqueIdentifier>{6d32ba89-14f4-48c0-a341-1bc93eda9dce}</UniqueIdentifier>
    </Filter>
    <Filter Include="Source Files\Screens\Game">
      <UniqueIdentifier>{a99bbc76-6117-4a78-8339-57575a655f81}</UniqueIdentifier>
    </Filter>
  </ItemGroup>
  <ItemGroup>
    <ClInclude Include="code\DevelopState.h">
      <Filter>Header Files\Engine</Filter>
    </ClInclude>
    <ClInclude Include="code\GameEngine.h">
      <Filter>Header Files\Engine</Filter>
    </ClInclude>
    <ClInclude Include="code\SoundEngine.h">
      <Filter>Header Files\Engine</Filter>
    </ClInclude>
    <ClInclude Include="code\ScreenManager.h">
      <Filter>Header Files\Engine</Filter>
    </ClInclude>
    <ClInclude Include="code\BitmapStore.h">
      <Filter>Header Files\Engine</Filter>
    </ClInclude>
    <ClInclude Include="code\ScreenManagerRemoteControl.h">
      <Filter>Header Files\Screens</Filter>
    </ClInclude>
    <ClInclude Include="code\Button.h">
      <Filter>Header Files\Screens</Filter>
    </ClInclude>
    <ClInclude Include="code\UIPanel.h">
      <Filter>Header Files\Screens</Filter>
    </ClInclude>
    <ClInclude Include="code\InputHandler.h">
      <Filter>Header Files\Screens</Filter>
    </ClInclude>
    <ClInclude Include="code\Screen.h">
      <Filter>Header Files\Screens</Filter>
    </ClInclude>
    <ClInclude Include="code\WorldState.h">
      <Filter>Header Files\Engine</Filter>
    </ClInclude>
    <ClInclude Include="code\SelectScreen.h">
      <Filter>Header Files\Screens\Select</Filter>
    </ClInclude>
    <ClInclude Include="code\SelectInputHandler.h">
      <Filter>Header Files\Screens\Select</Filter>
    </ClInclude>
    <ClInclude Include="code\SelectUIPanel.h">
      <Filter>Header Files\Screens\Select</Filter>
    </ClInclude>
    <ClInclude Include="code\GameScreen.h">
      <Filter>Header Files\Screens\Game</Filter>
    </ClInclude>
    <ClInclude Include="code\GameInputHandler.h">
      <Filter>Header Files\Screens\Game</Filter>
    </ClInclude>
    <ClInclude Include="code\GameUIPanel.h">
      <Filter>Header Files\Screens\Game</Filter>
    </ClInclude>
    <ClInclude Include="code\GameOverInputHandler.h">
      <Filter>Header Files\Screens\Game</Filter>
    </ClInclude>
    <ClInclude Include="code\GameOverUIPanel.h">
      <Filter>Header Files\Screens\Game</Filter>
    </ClInclude>
    <ClInclude Include="code\Component.h">
      <Filter>Header Files\GameObjects</Filter>
    </ClInclude>
    <ClInclude Include="code\ColliderComponent.h">
      <Filter>Header Files\GameObjects</Filter>
    </ClInclude>
    <ClInclude Include="code\RectColliderComponent.h">
      <Filter>Header Files\GameObjects</Filter>
    </ClInclude>
    <ClInclude Include="code\GraphicsComponent.h">
      <Filter>Header Files\GameObjects</Filter>
    </ClInclude>
    <ClInclude Include="code\StandardGraphicsComponent.h">
      <Filter>Header Files\GameObjects</Filter>
    </ClInclude>
    <ClInclude Include="code\TransformComponent.h">
      <Filter>Header Files\GameObjects</Filter>
    </ClInclude>
    <ClInclude Include="code\UpdateComponent.h">
      <Filter>Header Files\GameObjects</Filter>
    </ClInclude>
    <ClInclude Include="code\BulletUpdateComponent.h">
      <Filter>Header Files\GameObjects</Filter>
    </ClInclude>
    <ClInclude Include="code\InvaderUpdateComponent.h">
      <Filter>Header Files\GameObjects</Filter>
    </ClInclude>
    <ClInclude Include="code\PlayerUpdateComponent.h">
      <Filter>Header Files\GameObjects</Filter>
    </ClInclude>
    <ClInclude Include="code\GameObject.h">
      <Filter>Header Files\GameObjects</Filter>
    </ClInclude>
    <ClInclude Include="code\GameObjectBlueprint.h">
      <Filter>Header Files\FileIO</Filter>
    </ClInclude>
    <ClInclude Include="code\ObjectTags.h">
      <Filter>Header Files\FileIO</Filter>
    </ClInclude>
    <ClInclude Include="code\BlueprintObjectParser.h">
      <Filter>Header Files\FileIO</Filter>
    </ClInclude>
    <ClInclude Include="code\PlayModeObjectLoader.h">
      <Filter>Header Files\FileIO</Filter>
    </ClInclude>
    <ClInclude Include="code\GameObjectFactoryPlayMode.h">
      <Filter>Header Files\FileIO</Filter>
    </ClInclude>
    <ClInclude Include="code\GameObjectSharer.h">
      <Filter>Header Files\FileIO</Filter>
    </ClInclude>
    <ClInclude Include="code\LevelManager.h">
      <Filter>Header Files\Engine</Filter>
    </ClInclude>
    <ClInclude Include="code\BulletSpawner.h">
      <Filter>Header Files\GameObjects</Filter>
    </ClInclude>
    <ClInclude Include="code\PhysicsEnginePlayMode.h">
      <Filter>Header Files\Engine</Filter>
    </ClInclude>
  </ItemGroup>
  <ItemGroup>
    <ClCompile Include="code\Space Invaders ++.cpp">
      <Filter>Source Files\Engine</Filter>
    </ClCompile>
    <ClCompile Include="code\GameEngine.cpp">
      <Filter>Source Files\Engine</Filter>
    </ClCompile>
    <ClCompile Include="code\SoundEngine.cpp">
      <Filter>Source Files\Engine</Filter>
    </ClCompile>
    <ClCompile Include="code\ScreenManager.cpp">
      <Filter>Source Files\Engine</Filter>
    </ClCompile>
    <ClCompile Include="code\BitmapStore.cpp">
      <Filter>Source Files\Engine</Filter>
    </ClCompile>
    <ClCompile Include="code\ScreenManagerRemoteControl.cpp">
      <Filter>Source Files\Screens</Filter>
    </ClCompile>
    <ClCompile Include="code\Button.cpp">
      <Filter>Source Files\Screens</Filter>
    </ClCompile>
    <ClCompile Include="code\UIPanel.cpp">
      <Filter>Source Files\Screens</Filter>
    </ClCompile>
    <ClCompile Include="code\InputHandler.cpp">
      <Filter>Source Files\Screens</Filter>
    </ClCompile>
    <ClCompile Include="code\Screen.cpp">
      <Filter>Source Files\Screens</Filter>
    </ClCompile>
    <ClCompile Include="code\SelectScreen.cpp">
      <Filter>Source Files\Screens\Select</Filter>
    </ClCompile>
    <ClCompile Include="code\SelectInputHandler.cpp">
      <Filter>Source Files\Screens\Select</Filter>
    </ClCompile>
    <ClCompile Include="code\SelectUIPanel.cpp">
      <Filter>Source Files\Screens\Select</Filter>
    </ClCompile>
    <ClCompile Include="code\GameScreen.cpp">
      <Filter>Source Files\Screens\Game</Filter>
    </ClCompile>
    <ClCompile Include="code\GameInputHandler.cpp">
      <Filter>Source Files\Screens\Game</Filter>
    </ClCompile>
    <ClCompile Include="code\GameUIPanel.cpp">
      <Filter>Source Files\Screens\Game</Filter>
    </ClCompile>
    <ClCompile Include="code\GameOverInputHandler.cpp">
      <Filter>Source Files\Screens\Game</Filter>
    </ClCompile>
    <ClCompile Include="code\GameOverUIPanel.cpp">
      <Filter>Source Files\Screens\Game</Filter>
    </ClCompile>
    <ClCompile Include="code\Component.cpp">
      <Filter>Source Files\GameObjects</Filter>
    </ClCompile>
    <ClCompile Include="code\ColliderComponent.cpp">
      <Filter>Source Files\GameObjects</Filter>
    </ClCompile>
    <ClCompile Include="code\RectColliderComponent.cpp">
      <Filter>Source Files\GameObjects</Filter>
    </ClCompile>
    <ClCompile Include="code\GraphicsComponent.cpp">
      <Filter>Source Files\GameObjects</Filter>
    </ClCompile>
    <ClCompile Include="code\StandardGraphicsComponent.cpp">
      <Filter>Source Files\GameObjects</Filter>
    </ClCompile>
    <ClCompile Include="code\TransformComponent.cpp">
      <Filter>Source Files\GameObjects</Filter>
    </ClCompile>
    <ClCompile Include="code\UpdateComponent.cpp">
      <Filter>Source Files\GameObjects</Filter>
    </ClCompile>
    <ClCompile Include="code\BulletUpdate.cpp">
      <Filter>Source Files\GameObjects</Filter>
    </ClCompile>
    <ClCompile Include="code\InvaderUpdate.cpp">
      <Filter>Source Files\GameObjects</Filter>
    </ClCompile>
    <ClCompile Include="code\PlayerUpdate.cpp">
      <Filter>Source Files\GameObjects</Filter>
    </ClCompile>
    <ClCompile Include="code\GameObject.cpp">
      <Filter>Source Files\GameObjects</Filter>
    </ClCompile>
    <ClCompile Include="code\GameObjectBlueprint.cpp">
      <Filter>Source Files\FileIO</Filter>
    </ClCompile>
    <ClCompile Include="code\ObjectTags.cpp">
      <Filter>Source Files\FileIO</Filter>
    </ClCompile>
    <ClCompile Include="code\BlueprintObjectParser.cpp">
      <Filter>Source Files\FileIO</Filter>
    </ClCompile>
    <ClCompile Include="code\PlayModeObjectLoader.cpp">
      <Filter>Source Files\FileIO</Filter>
    </ClCompile>
    <ClCompile Include="code\GameObjectFactoryPlayMode.cpp">
      <Filter>Source Files\FileIO</Filter>
    </ClCompile>
    <ClCompile Include="code\GameObjectSharer.cpp">
      <Filter>Source Files\FileIO</Filter>
    </ClCompile>
    <ClCompile Include="code\LevelManager.cpp">
      <Filter>Source Files\Engine</Filter>
    </ClCompile>
    <ClCompile Include="code\BulletSpawner.cpp">
      <Filter>Source Files\GameObjects</Filter>
    </ClCompile>
    <ClCompile Include="code\PhysicsEnginePlayMode.cpp">
      <Filter>Source Files\Engine</Filter>
    </ClCompile>
  </ItemGroup>
</Project>